
Microsoft Visual Studio Solution File, Format Version 12.00
# Visual Studio Version 16
VisualStudioVersion = 16.0.31424.327
MinimumVisualStudioVersion = 10.0.40219.1
Project("{FAE04EC0-301F-11D3-BF4B-00C04F79EFBC}") = "SantaFactory", "SantaFactory\SantaFactory.csproj", "{AF529324-08BD-4994-A166-208D29D8847C}"
EndProject
Global
	GlobalSection(SolutionConfigurationPlatforms) = preSolution
		Debug|Any CPU = Debug|Any CPU
		Release|Any CPU = Release|Any CPU
	EndGlobalSection
	GlobalSection(ProjectConfigurationPlatforms) = postSolution
		{AF529324-08BD-4994-A166-208D29D8847C}.Debug|Any CPU.ActiveCfg = Debug|Any CPU
		{AF529324-08BD-4994-A166-208D29D8847C}.Debug|Any CPU.Build.0 = Debug|Any CPU
		{AF529324-08BD-4994-A166-208D29D8847C}.Release|Any CPU.ActiveCfg = Release|Any CPU
		{AF529324-08BD-4994-A166-208D29D8847C}.Release|Any CPU.Build.0 = Release|Any CPU
	EndGlobalSection
	GlobalSection(SolutionProperties) = preSolution
		HideSolutionNode = FALSE
	EndGlobalSection
	GlobalSection(ExtensibilityGlobals) = postSolution
		SolutionGuid = {E628CEED-FE6A-48F8-A81C-CD011C626206}
	EndGlobalSection
EndGlobal
